
Microsoft Visual Studio Solution File, Format Version 12.00
# Visual Studio Version 16
VisualStudioVersion = 16.0.30621.155
MinimumVisualStudioVersion = 10.0.40219.1
Project("{FAE04EC0-301F-11D3-BF4B-00C04F79EFBC}") = "TeamsBotApi", "TeamsBotApi\TeamsBotApi.csproj", "{ADE77129-1FAA-4C56-B8C0-C0ED0F5AA7D2}"
EndProject
Project("{FAE04EC0-301F-11D3-BF4B-00C04F79EFBC}") = "BuildSystem", "BuildSystem\BuildSystem.csproj", "{D07A56F6-337E-490B-A5D6-B1E9A04B5B43}"
EndProject
Global
	GlobalSection(SolutionConfigurationPlatforms) = preSolution
		Debug|Any CPU = Debug|Any CPU
		Release|Any CPU = Release|Any CPU
	EndGlobalSection
	GlobalSection(ProjectConfigurationPlatforms) = postSolution
		{ADE77129-1FAA-4C56-B8C0-C0ED0F5AA7D2}.Debug|Any CPU.ActiveCfg = Debug|Any CPU
		{ADE77129-1FAA-4C56-B8C0-C0ED0F5AA7D2}.Debug|Any CPU.Build.0 = Debug|Any CPU
		{ADE77129-1FAA-4C56-B8C0-C0ED0F5AA7D2}.Release|Any CPU.ActiveCfg = Release|Any CPU
		{ADE77129-1FAA-4C56-B8C0-C0ED0F5AA7D2}.Release|Any CPU.Build.0 = Release|Any CPU
		{D07A56F6-337E-490B-A5D6-B1E9A04B5B43}.Debug|Any CPU.ActiveCfg = Debug|Any CPU
		{D07A56F6-337E-490B-A5D6-B1E9A04B5B43}.Debug|Any CPU.Build.0 = Debug|Any CPU
		{D07A56F6-337E-490B-A5D6-B1E9A04B5B43}.Release|Any CPU.ActiveCfg = Release|Any CPU
		{D07A56F6-337E-490B-A5D6-B1E9A04B5B43}.Release|Any CPU.Build.0 = Release|Any CPU
	EndGlobalSection
	GlobalSection(SolutionProperties) = preSolution
		HideSolutionNode = FALSE
	EndGlobalSection
	GlobalSection(ExtensibilityGlobals) = postSolution
		SolutionGuid = {15EB6E76-44AB-4B04-BE93-7A9C501B8F50}
	EndGlobalSection
EndGlobal
